// !$*UTF8*$!
{
	archiveVersion = 1;
	classes = {
	};
	objectVersion = 46;
	objects = {

/* Begin PBXBuildFile section */
		F87CC59B1F1B93AB00604652 /* PFM.h in Headers */ = {isa = PBXBuildFile; fileRef = F87CC5991F1B93AB00604652 /* PFM.h */; settings = {ATTRIBUTES = (Public, ); }; };
		F87CC5A31F1B941900604652 /* PFMPreferenceManifest.h in Headers */ = {isa = PBXBuildFile; fileRef = F87CC5A11F1B941900604652 /* PFMPreferenceManifest.h */; settings = {ATTRIBUTES = (Public, ); }; };
		F87CC5A41F1B941900604652 /* PFMPreferenceManifest.m in Sources */ = {isa = PBXBuildFile; fileRef = F87CC5A21F1B941900604652 /* PFMPreferenceManifest.m */; };
		F87CC5A71F1B942B00604652 /* PFMProperty.h in Headers */ = {isa = PBXBuildFile; fileRef = F87CC5A51F1B942B00604652 /* PFMProperty.h */; settings = {ATTRIBUTES = (Public, ); }; };
		F87CC5A81F1B942B00604652 /* PFMProperty.m in Sources */ = {isa = PBXBuildFile; fileRef = F87CC5A61F1B942B00604652 /* PFMProperty.m */; };
		F89930261F1BA78300323299 /* PFMConstants.h in Headers */ = {isa = PBXBuildFile; fileRef = F84CBC0F1F1B991200B27D6A /* PFMConstants.h */; settings = {ATTRIBUTES = (Public, ); }; };
		F899302B1F1BAC1D00323299 /* PFMOutlineViewController.h in Headers */ = {isa = PBXBuildFile; fileRef = F89930291F1BAC1D00323299 /* PFMOutlineViewController.h */; settings = {ATTRIBUTES = (Public, ); }; };
		F899302C1F1BAC1D00323299 /* PFMOutlineViewController.m in Sources */ = {isa = PBXBuildFile; fileRef = F899302A1F1BAC1D00323299 /* PFMOutlineViewController.m */; };
/* End PBXBuildFile section */

/* Begin PBXFileReference section */
		F84CBC0F1F1B991200B27D6A /* PFMConstants.h */ = {isa = PBXFileReference; lastKnownFileType = sourcecode.c.h; path = PFMConstants.h; sourceTree = "<group>"; };
		F87CC5961F1B93AB00604652 /* PFM.framework */ = {isa = PBXFileReference; explicitFileType = wrapper.framework; includeInIndex = 0; path = PFM.framework; sourceTree = BUILT_PRODUCTS_DIR; };
		F87CC5991F1B93AB00604652 /* PFM.h */ = {isa = PBXFileReference; lastKnownFileType = sourcecode.c.h; path = PFM.h; sourceTree = "<group>"; };
		F87CC59A1F1B93AB00604652 /* Info.plist */ = {isa = PBXFileReference; lastKnownFileType = text.plist.xml; path = Info.plist; sourceTree = "<group>"; };
		F87CC5A11F1B941900604652 /* PFMPreferenceManifest.h */ = {isa = PBXFileReference; fileEncoding = 4; lastKnownFileType = sourcecode.c.h; path = PFMPreferenceManifest.h; sourceTree = "<group>"; };
		F87CC5A21F1B941900604652 /* PFMPreferenceManifest.m */ = {isa = PBXFileReference; fileEncoding = 4; lastKnownFileType = sourcecode.c.objc; path = PFMPreferenceManifest.m; sourceTree = "<group>"; };
		F87CC5A51F1B942B00604652 /* PFMProperty.h */ = {isa = PBXFileReference; fileEncoding = 4; lastKnownFileType = sourcecode.c.h; path = PFMProperty.h; sourceTree = "<group>"; };
		F87CC5A61F1B942B00604652 /* PFMProperty.m */ = {isa = PBXFileReference; fileEncoding = 4; lastKnownFileType = sourcecode.c.objc; path = PFMProperty.m; sourceTree = "<group>"; };
		F89930291F1BAC1D00323299 /* PFMOutlineViewController.h */ = {isa = PBXFileReference; fileEncoding = 4; lastKnownFileType = sourcecode.c.h; path = PFMOutlineViewController.h; sourceTree = "<group>"; };
		F899302A1F1BAC1D00323299 /* PFMOutlineViewController.m */ = {isa = PBXFileReference; fileEncoding = 4; lastKnownFileType = sourcecode.c.objc; path = PFMOutlineViewController.m; sourceTree = "<group>"; };
/* End PBXFileReference section */

/* Begin PBXFrameworksBuildPhase section */
		F87CC5921F1B93AB00604652 /* Frameworks */ = {
			isa = PBXFrameworksBuildPhase;
			buildActionMask = 2147483647;
			files = (
			);
			runOnlyForDeploymentPostprocessing = 0;
		};
/* End PBXFrameworksBuildPhase section */

/* Begin PBXGroup section */
		F87CC58C1F1B93AB00604652 = {
			isa = PBXGroup;
			children = (
				F87CC5981F1B93AB00604652 /* PFM */,
				F87CC5971F1B93AB00604652 /* Products */,
			);
			sourceTree = "<group>";
		};
		F87CC5971F1B93AB00604652 /* Products */ = {
			isa = PBXGroup;
			children = (
				F87CC5961F1B93AB00604652 /* PFM.framework */,
			);
			name = Products;
			sourceTree = "<group>";
		};
		F87CC5981F1B93AB00604652 /* PFM */ = {
			isa = PBXGroup;
			children = (
				F87CC5991F1B93AB00604652 /* PFM.h */,
				F84CBC0F1F1B991200B27D6A /* PFMConstants.h */,
				F87CC5A11F1B941900604652 /* PFMPreferenceManifest.h */,
				F87CC5A21F1B941900604652 /* PFMPreferenceManifest.m */,
				F87CC5A51F1B942B00604652 /* PFMProperty.h */,
				F87CC5A61F1B942B00604652 /* PFMProperty.m */,
				F87CC59A1F1B93AB00604652 /* Info.plist */,
				F89930291F1BAC1D00323299 /* PFMOutlineViewController.h */,
				F899302A1F1BAC1D00323299 /* PFMOutlineViewController.m */,
			);
			path = PFM;
			sourceTree = "<group>";
		};
/* End PBXGroup section */

/* Begin PBXHeadersBuildPhase section */
		F87CC5931F1B93AB00604652 /* Headers */ = {
			isa = PBXHeadersBuildPhase;
			buildActionMask = 2147483647;
			files = (
				F89930261F1BA78300323299 /* PFMConstants.h in Headers */,
				F87CC5A31F1B941900604652 /* PFMPreferenceManifest.h in Headers */,
				F87CC5A71F1B942B00604652 /* PFMProperty.h in Headers */,
				F899302B1F1BAC1D00323299 /* PFMOutlineViewController.h in Headers */,
				F87CC59B1F1B93AB00604652 /* PFM.h in Headers */,
			);
			runOnlyForDeploymentPostprocessing = 0;
		};
/* End PBXHeadersBuildPhase section */

/* Begin PBXNativeTarget section */
		F87CC5951F1B93AB00604652 /* PFM */ = {
			isa = PBXNativeTarget;
			buildConfigurationList = F87CC59E1F1B93AB00604652 /* Build configuration list for PBXNativeTarget "PFM" */;
			buildPhases = (
				F87CC5911F1B93AB00604652 /* Sources */,
				F87CC5921F1B93AB00604652 /* Frameworks */,
				F87CC5931F1B93AB00604652 /* Headers */,
				F87CC5941F1B93AB00604652 /* Resources */,
			);
			buildRules = (
			);
			dependencies = (
			);
			name = PFM;
			productName = PFM;
			productReference = F87CC5961F1B93AB00604652 /* PFM.framework */;
			productType = "com.apple.product-type.framework";
		};
/* End PBXNativeTarget section */

/* Begin PBXProject section */
		F87CC58D1F1B93AB00604652 /* Project object */ = {
			isa = PBXProject;
			attributes = {
				LastUpgradeCheck = 0830;
				ORGANIZATIONNAME = "Yoann Gini";
				TargetAttributes = {
					F87CC5951F1B93AB00604652 = {
						CreatedOnToolsVersion = 8.3.3;
						ProvisioningStyle = Automatic;
					};
				};
			};
			buildConfigurationList = F87CC5901F1B93AB00604652 /* Build configuration list for PBXProject "PFM" */;
			compatibilityVersion = "Xcode 3.2";
			developmentRegion = English;
			hasScannedForEncodings = 0;
			knownRegions = (
				en,
			);
			mainGroup = F87CC58C1F1B93AB00604652;
			productRefGroup = F87CC5971F1B93AB00604652 /* Products */;
			projectDirPath = "";
			projectRoot = "";
			targets = (
				F87CC5951F1B93AB00604652 /* PFM */,
			);
		};
/* End PBXProject section */

/* Begin PBXResourcesBuildPhase section */
		F87CC5941F1B93AB00604652 /* Resources */ = {
			isa = PBXResourcesBuildPhase;
			buildActionMask = 2147483647;
			files = (
			);
			runOnlyForDeploymentPostprocessing = 0;
		};
/* End PBXResourcesBuildPhase section */

/* Begin PBXSourcesBuildPhase section */
		F87CC5911F1B93AB00604652 /* Sources */ = {
			isa = PBXSourcesBuildPhase;
			buildActionMask = 2147483647;
			files = (
				F87CC5A81F1B942B00604652 /* PFMProperty.m in Sources */,
				F87CC5A41F1B941900604652 /* PFMPreferenceManifest.m in Sources */,
				F899302C1F1BAC1D00323299 /* PFMOutlineViewController.m in Sources */,
			);
			runOnlyForDeploymentPostprocessing = 0;
		};
/* End PBXSourcesBuildPhase section */

/* Begin XCBuildConfiguration section */
		F87CC59C1F1B93AB00604652 /* Debug */ = {
			isa = XCBuildConfiguration;
			buildSettings = {
				ALWAYS_SEARCH_USER_PATHS = NO;
				CLANG_ANALYZER_NONNULL = YES;
				CLANG_ANALYZER_NUMBER_OBJECT_CONVERSION = YES_AGGRESSIVE;
				CLANG_CXX_LANGUAGE_STANDARD = "gnu++0x";
				CLANG_CXX_LIBRARY = "libc++";
				CLANG_ENABLE_MODULES = YES;
				CLANG_ENABLE_OBJC_ARC = YES;
				CLANG_WARN_BOOL_CONVERSION = YES;
				CLANG_WARN_CONSTANT_CONVERSION = YES;
				CLANG_WARN_DIRECT_OBJC_ISA_USAGE = YES_ERROR;
				CLANG_WARN_DOCUMENTATION_COMMENTS = YES;
				CLANG_WARN_EMPTY_BODY = YES;
				CLANG_WARN_ENUM_CONVERSION = YES;
				CLANG_WARN_INFINITE_RECURSION = YES;
				CLANG_WARN_INT_CONVERSION = YES;
				CLANG_WARN_OBJC_ROOT_CLASS = YES_ERROR;
				CLANG_WARN_SUSPICIOUS_MOVE = YES;
				CLANG_WARN_UNREACHABLE_CODE = YES;
				CLANG_WARN__DUPLICATE_METHOD_MATCH = YES;
				CODE_SIGN_IDENTITY = "-";
				COPY_PHASE_STRIP = NO;
				CURRENT_PROJECT_VERSION = 1;
				DEBUG_INFORMATION_FORMAT = dwarf;
				ENABLE_STRICT_OBJC_MSGSEND = YES;
				ENABLE_TESTABILITY = YES;
				GCC_C_LANGUAGE_STANDARD = gnu99;
				GCC_DYNAMIC_NO_PIC = NO;
				GCC_NO_COMMON_BLOCKS = YES;
				GCC_OPTIMIZATION_LEVEL = 0;
				GCC_PREPROCESSOR_DEFINITIONS = (
					"DEBUG=1",
					"$(inherited)",
				);
				GCC_WARN_64_TO_32_BIT_CONVERSION = YES;
				GCC_WARN_ABOUT_RETURN_TYPE = YES_ERROR;
				GCC_WARN_UNDECLARED_SELECTOR = YES;
				GCC_WARN_UNINITIALIZED_AUTOS = YES_AGGRESSIVE;
				GCC_WARN_UNUSED_FUNCTION = YES;
				GCC_WARN_UNUSED_VARIABLE = YES;
				MACOSX_DEPLOYMENT_TARGET = 10.12;
				MTL_ENABLE_DEBUG_INFO = YES;
				ONLY_ACTIVE_ARCH = YES;
				SDKROOT = macosx;
				VERSIONING_SYSTEM = "apple-generic";
				VERSION_INFO_PREFIX = "";
			};
			name = Debug;
		};
		F87CC59D1F1B93AB00604652 /* Release */ = {
			isa = XCBuildConfiguration;
			buildSettings = {
				ALWAYS_SEARCH_USER_PATHS = NO;
				CLANG_ANALYZER_NONNULL = YES;
				CLANG_ANALYZER_NUMBER_OBJECT_CONVERSION = YES_AGGRESSIVE;
				CLANG_CXX_LANGUAGE_STANDARD = "gnu++0x";
				CLANG_CXX_LIBRARY = "libc++";
				CLANG_ENABLE_MODULES = YES;
				CLANG_ENABLE_OBJC_ARC = YES;
				CLANG_WARN_BOOL_CONVERSION = YES;
				CLANG_WARN_CONSTANT_CONVERSION = YES;
				CLANG_WARN_DIRECT_OBJC_ISA_USAGE = YES_ERROR;
				CLANG_WARN_DOCUMENTATION_COMMENTS = YES;
				CLANG_WARN_EMPTY_BODY = YES;
				CLANG_WARN_ENUM_CONVERSION = YES;
				CLANG_WARN_INFINITE_RECURSION = YES;
				CLANG_WARN_INT_CONVERSION = YES;
				CLANG_WARN_OBJC_ROOT_CLASS = YES_ERROR;
				CLANG_WARN_SUSPICIOUS_MOVE = YES;
				CLANG_WARN_UNREACHABLE_CODE = YES;
				CLANG_WARN__DUPLICATE_METHOD_MATCH = YES;
				CODE_SIGN_IDENTITY = "-";
				COPY_PHASE_STRIP = NO;
				CURRENT_PROJECT_VERSION = 1;
				DEBUG_INFORMATION_FORMAT = "dwarf-with-dsym";
				ENABLE_NS_ASSERTIONS = NO;
				ENABLE_STRICT_OBJC_MSGSEND = YES;
				GCC_C_LANGUAGE_STANDARD = gnu99;
				GCC_NO_COMMON_BLOCKS = YES;
				GCC_WARN_64_TO_32_BIT_CONVERSION = YES;
				GCC_WARN_ABOUT_RETURN_TYPE = YES_ERROR;
				GCC_WARN_UNDECLARED_SELECTOR = YES;
				GCC_WARN_UNINITIALIZED_AUTOS = YES_AGGRESSIVE;
				GCC_WARN_UNUSED_FUNCTION = YES;
				GCC_WARN_UNUSED_VARIABLE = YES;
				MACOSX_DEPLOYMENT_TARGET = 10.12;
				MTL_ENABLE_DEBUG_INFO = NO;
				SDKROOT = macosx;
				VERSIONING_SYSTEM = "apple-generic";
				VERSION_INFO_PREFIX = "";
			};
			name = Release;
		};
		F87CC59F1F1B93AB00604652 /* Debug */ = {
			isa = XCBuildConfiguration;
			buildSettings = {
				CODE_SIGN_IDENTITY = "";
				COMBINE_HIDPI_IMAGES = YES;
				DEFINES_MODULE = YES;
				DYLIB_COMPATIBILITY_VERSION = 1;
				DYLIB_CURRENT_VERSION = 1;
				DYLIB_INSTALL_NAME_BASE = "@rpath";
				FRAMEWORK_VERSION = A;
				INFOPLIST_FILE = PFM/Info.plist;
				INSTALL_PATH = "$(LOCAL_LIBRARY_DIR)/Frameworks";
				LD_RUNPATH_SEARCH_PATHS = "$(inherited) @executable_path/../Frameworks @loader_path/Frameworks";
				PRODUCT_BUNDLE_IDENTIFIER = com.github.ygini.PFM;
				PRODUCT_NAME = "$(TARGET_NAME)";
				SKIP_INSTALL = YES;
			};
			name = Debug;
		};
		F87CC5A01F1B93AB00604652 /* Release */ = {
			isa = XCBuildConfiguration;
			buildSettings = {
				CODE_SIGN_IDENTITY = "";
				COMBINE_HIDPI_IMAGES = YES;
				DEFINES_MODULE = YES;
				DYLIB_COMPATIBILITY_VERSION = 1;
				DYLIB_CURRENT_VERSION = 1;
				DYLIB_INSTALL_NAME_BASE = "@rpath";
				FRAMEWORK_VERSION = A;
				INFOPLIST_FILE = PFM/Info.plist;
				INSTALL_PATH = "$(LOCAL_LIBRARY_DIR)/Frameworks";
				LD_RUNPATH_SEARCH_PATHS = "$(inherited) @executable_path/../Frameworks @loader_path/Frameworks";
				PRODUCT_BUNDLE_IDENTIFIER = com.github.ygini.PFM;
				PRODUCT_NAME = "$(TARGET_NAME)";
				SKIP_INSTALL = YES;
			};
			name = Release;
		};
/* End XCBuildConfiguration section */

/* Begin XCConfigurationList section */
		F87CC5901F1B93AB00604652 /* Build configuration list for PBXProject "PFM" */ = {
			isa = XCConfigurationList;
			buildConfigurations = (
				F87CC59C1F1B93AB00604652 /* Debug */,
				F87CC59D1F1B93AB00604652 /* Release */,
			);
			defaultConfigurationIsVisible = 0;
			defaultConfigurationName = Release;
		};
		F87CC59E1F1B93AB00604652 /* Build configuration list for PBXNativeTarget "PFM" */ = {
			isa = XCConfigurationList;
			buildConfigurations = (
				F87CC59F1F1B93AB00604652 /* Debug */,
				F87CC5A01F1B93AB00604652 /* Release */,
			);
			defaultConfigurationIsVisible = 0;
			defaultConfigurationName = Release;
		};
/* End XCConfigurationList section */
	};
	rootObject = F87CC58D1F1B93AB00604652 /* Project object */;
}
